
Microsoft Visual Studio Solution File, Format Version 12.00
# Visual Studio Version 17
VisualStudioVersion = 17.11.35327.3
MinimumVisualStudioVersion = 10.0.40219.1
Project("{2150E333-8FDC-42A3-9474-1A3956D46DE8}") = "Microservices", "Microservices", "{600653D5-A233-442D-9F97-CD3E65578DF9}"
EndProject
Project("{2150E333-8FDC-42A3-9474-1A3956D46DE8}") = "Domain", "Domain", "{61DF545F-C3FB-4982-8F45-E6B80888627F}"
EndProject
Project("{2150E333-8FDC-42A3-9474-1A3956D46DE8}") = "Infra.Bus", "Infra.Bus", "{97A98CB3-4E1C-41ED-A0FF-46ACB5D2096C}"
EndProject
Project("{2150E333-8FDC-42A3-9474-1A3956D46DE8}") = "Infra.IoC", "Infra.IoC", "{3C100A83-4830-4CF0-97B4-37A5DB07CCF1}"
EndProject
Project("{2150E333-8FDC-42A3-9474-1A3956D46DE8}") = "Presentation", "Presentation", "{B16B14A4-91FE-4BFA-915A-D0631481202D}"
EndProject
Project("{9A19103F-16F7-4668-BE54-9A1E7A4F7556}") = "MicroRabbit.Domain.Core", "MicroRabbit.Domain.Core\MicroRabbit.Domain.Core.csproj", "{7CA60779-695F-4E28-BCB4-0BB1D242ACD9}"
EndProject
Project("{FAE04EC0-301F-11D3-BF4B-00C04F79EFBC}") = "MicroRabbit.Infra.Bus", "MicroRabbit.Infra.Bus\MicroRabbit.Infra.Bus.csproj", "{835F2F13-20DD-483F-8DE4-104B1EB21CD5}"
EndProject
Global
	GlobalSection(SolutionConfigurationPlatforms) = preSolution
		Debug|Any CPU = Debug|Any CPU
		Release|Any CPU = Release|Any CPU
	EndGlobalSection
	GlobalSection(ProjectConfigurationPlatforms) = postSolution
		{7CA60779-695F-4E28-BCB4-0BB1D242ACD9}.Debug|Any CPU.ActiveCfg = Debug|Any CPU
		{7CA60779-695F-4E28-BCB4-0BB1D242ACD9}.Debug|Any CPU.Build.0 = Debug|Any CPU
		{7CA60779-695F-4E28-BCB4-0BB1D242ACD9}.Release|Any CPU.ActiveCfg = Release|Any CPU
		{7CA60779-695F-4E28-BCB4-0BB1D242ACD9}.Release|Any CPU.Build.0 = Release|Any CPU
		{835F2F13-20DD-483F-8DE4-104B1EB21CD5}.Debug|Any CPU.ActiveCfg = Debug|Any CPU
		{835F2F13-20DD-483F-8DE4-104B1EB21CD5}.Debug|Any CPU.Build.0 = Debug|Any CPU
		{835F2F13-20DD-483F-8DE4-104B1EB21CD5}.Release|Any CPU.ActiveCfg = Release|Any CPU
		{835F2F13-20DD-483F-8DE4-104B1EB21CD5}.Release|Any CPU.Build.0 = Release|Any CPU
	EndGlobalSection
	GlobalSection(SolutionProperties) = preSolution
		HideSolutionNode = FALSE
	EndGlobalSection
	GlobalSection(NestedProjects) = preSolution
		{7CA60779-695F-4E28-BCB4-0BB1D242ACD9} = {61DF545F-C3FB-4982-8F45-E6B80888627F}
		{835F2F13-20DD-483F-8DE4-104B1EB21CD5} = {97A98CB3-4E1C-41ED-A0FF-46ACB5D2096C}
	EndGlobalSection
	GlobalSection(ExtensibilityGlobals) = postSolution
		SolutionGuid = {FBA56372-00D0-4DBE-B64E-642DCC91783D}
	EndGlobalSection
EndGlobal
