
Microsoft Visual Studio Solution File, Format Version 12.00
# Visual Studio Version 17
VisualStudioVersion = 17.11.35327.3
MinimumVisualStudioVersion = 10.0.40219.1
Project("{2150E333-8FDC-42A3-9474-1A3956D46DE8}") = "Microservices", "Microservices", "{600653D5-A233-442D-9F97-CD3E65578DF9}"
EndProject
Project("{2150E333-8FDC-42A3-9474-1A3956D46DE8}") = "Domain", "Domain", "{61DF545F-C3FB-4982-8F45-E6B80888627F}"
EndProject
Project("{2150E333-8FDC-42A3-9474-1A3956D46DE8}") = "Infra.Bus", "Infra.Bus", "{97A98CB3-4E1C-41ED-A0FF-46ACB5D2096C}"
EndProject
Project("{2150E333-8FDC-42A3-9474-1A3956D46DE8}") = "Infra.IoC", "Infra.IoC", "{3C100A83-4830-4CF0-97B4-37A5DB07CCF1}"
EndProject
Project("{2150E333-8FDC-42A3-9474-1A3956D46DE8}") = "Presentation", "Presentation", "{B16B14A4-91FE-4BFA-915A-D0631481202D}"
EndProject
Project("{9A19103F-16F7-4668-BE54-9A1E7A4F7556}") = "MicroRabbit.Domain.Core", "MicroRabbit.Domain.Core\MicroRabbit.Domain.Core.csproj", "{7CA60779-695F-4E28-BCB4-0BB1D242ACD9}"
EndProject
Project("{FAE04EC0-301F-11D3-BF4B-00C04F79EFBC}") = "MicroRabbit.Infra.Bus", "MicroRabbit.Infra.Bus\MicroRabbit.Infra.Bus.csproj", "{835F2F13-20DD-483F-8DE4-104B1EB21CD5}"
EndProject
Project("{FAE04EC0-301F-11D3-BF4B-00C04F79EFBC}") = "MicroRabbit.Infra.IoC", "MicroRabbit.Infra.IoC\MicroRabbit.Infra.IoC.csproj", "{F509F63C-164E-4FE2-822E-28565888F982}"
EndProject
Project("{2150E333-8FDC-42A3-9474-1A3956D46DE8}") = "Banking", "Banking", "{DB94FDB3-296C-4833-8145-00EF2A4B48B8}"
EndProject
Project("{2150E333-8FDC-42A3-9474-1A3956D46DE8}") = "Api", "Api", "{BC8E5AF3-B3DE-4530-960B-4211776049AF}"
EndProject
Project("{2150E333-8FDC-42A3-9474-1A3956D46DE8}") = "Domain", "Domain", "{1D1BAD4F-D521-46DE-BA0A-DC4956906F75}"
EndProject
Project("{2150E333-8FDC-42A3-9474-1A3956D46DE8}") = "Application", "Application", "{4136643A-6AD4-4686-A095-5540C36B719E}"
EndProject
Project("{2150E333-8FDC-42A3-9474-1A3956D46DE8}") = "Data", "Data", "{5C7154FD-A68F-437C-B0EE-9E587F376AED}"
EndProject
Project("{FAE04EC0-301F-11D3-BF4B-00C04F79EFBC}") = "MicroRabbit.Banking.Api", "MicroRabbit.Banking.Api\MicroRabbit.Banking.Api.csproj", "{5CF00264-B7E9-4ED0-87B0-A17266C3CF35}"
EndProject
Project("{FAE04EC0-301F-11D3-BF4B-00C04F79EFBC}") = "MicroRabbit.Banking.Application", "MicroRabbit.Banking.Application\MicroRabbit.Banking.Application.csproj", "{59F7E378-B60C-4876-B04B-70F309BCBE46}"
EndProject
Project("{FAE04EC0-301F-11D3-BF4B-00C04F79EFBC}") = "MicroRabbit.Banking.Data", "MicroRabbit.Banking.Data\MicroRabbit.Banking.Data.csproj", "{9117D063-E0D5-4859-A58D-B34AE779D4EF}"
EndProject
Project("{FAE04EC0-301F-11D3-BF4B-00C04F79EFBC}") = "MicroRabbit.Banking.Domain", "MicroRabbit.Banking.Domain\MicroRabbit.Banking.Domain.csproj", "{3FE1E20C-0866-4C8A-BAB6-470DEEDD4944}"
EndProject
Project("{2150E333-8FDC-42A3-9474-1A3956D46DE8}") = "Transfer", "Transfer", "{7D004AB7-97BD-431E-9EE2-56C50301ECDB}"
EndProject
Project("{2150E333-8FDC-42A3-9474-1A3956D46DE8}") = "Api", "Api", "{04EB4564-DA4D-45A6-9126-CC9412090E16}"
EndProject
Project("{2150E333-8FDC-42A3-9474-1A3956D46DE8}") = "Application", "Application", "{9A4BF401-C82B-4267-9452-795088BC3BF9}"
EndProject
Project("{2150E333-8FDC-42A3-9474-1A3956D46DE8}") = "Data", "Data", "{8E0E8ACB-AA5B-474F-8EB0-E89C7312790E}"
EndProject
Project("{2150E333-8FDC-42A3-9474-1A3956D46DE8}") = "Domain", "Domain", "{903032EE-F7D5-40BD-8466-D151CEC11BA2}"
EndProject
Project("{FAE04EC0-301F-11D3-BF4B-00C04F79EFBC}") = "MicroRabbit.Transfer.Api", "MicroRabbit.Transfer.Api\MicroRabbit.Transfer.Api.csproj", "{C462E122-A9B8-42EB-8A05-0AA4BD99CE16}"
EndProject
Project("{FAE04EC0-301F-11D3-BF4B-00C04F79EFBC}") = "MicroRabbit.Transfer.Application", "MicroRabbit.Transfer.Application\MicroRabbit.Transfer.Application.csproj", "{160DE526-3BAD-4A21-93DE-975DF70BE39A}"
EndProject
Project("{FAE04EC0-301F-11D3-BF4B-00C04F79EFBC}") = "MicroRabbit.Transfer.Domain", "MicroRabbit.Transfer.Domain\MicroRabbit.Transfer.Domain.csproj", "{D2290860-CA7C-4F33-A685-A2AA6F1C472A}"
EndProject
Project("{FAE04EC0-301F-11D3-BF4B-00C04F79EFBC}") = "MicroRabbit.Transfer.Data", "MicroRabbit.Transfer.Data\MicroRabbit.Transfer.Data.csproj", "{A0A8580C-8249-483D-8837-93892EA48A32}"
EndProject
Global
	GlobalSection(SolutionConfigurationPlatforms) = preSolution
		Debug|Any CPU = Debug|Any CPU
		Release|Any CPU = Release|Any CPU
	EndGlobalSection
	GlobalSection(ProjectConfigurationPlatforms) = postSolution
		{7CA60779-695F-4E28-BCB4-0BB1D242ACD9}.Debug|Any CPU.ActiveCfg = Debug|Any CPU
		{7CA60779-695F-4E28-BCB4-0BB1D242ACD9}.Debug|Any CPU.Build.0 = Debug|Any CPU
		{7CA60779-695F-4E28-BCB4-0BB1D242ACD9}.Release|Any CPU.ActiveCfg = Release|Any CPU
		{7CA60779-695F-4E28-BCB4-0BB1D242ACD9}.Release|Any CPU.Build.0 = Release|Any CPU
		{835F2F13-20DD-483F-8DE4-104B1EB21CD5}.Debug|Any CPU.ActiveCfg = Debug|Any CPU
		{835F2F13-20DD-483F-8DE4-104B1EB21CD5}.Debug|Any CPU.Build.0 = Debug|Any CPU
		{835F2F13-20DD-483F-8DE4-104B1EB21CD5}.Release|Any CPU.ActiveCfg = Release|Any CPU
		{835F2F13-20DD-483F-8DE4-104B1EB21CD5}.Release|Any CPU.Build.0 = Release|Any CPU
		{F509F63C-164E-4FE2-822E-28565888F982}.Debug|Any CPU.ActiveCfg = Debug|Any CPU
		{F509F63C-164E-4FE2-822E-28565888F982}.Debug|Any CPU.Build.0 = Debug|Any CPU
		{F509F63C-164E-4FE2-822E-28565888F982}.Release|Any CPU.ActiveCfg = Release|Any CPU
		{F509F63C-164E-4FE2-822E-28565888F982}.Release|Any CPU.Build.0 = Release|Any CPU
		{5CF00264-B7E9-4ED0-87B0-A17266C3CF35}.Debug|Any CPU.ActiveCfg = Debug|Any CPU
		{5CF00264-B7E9-4ED0-87B0-A17266C3CF35}.Debug|Any CPU.Build.0 = Debug|Any CPU
		{5CF00264-B7E9-4ED0-87B0-A17266C3CF35}.Release|Any CPU.ActiveCfg = Release|Any CPU
		{5CF00264-B7E9-4ED0-87B0-A17266C3CF35}.Release|Any CPU.Build.0 = Release|Any CPU
		{59F7E378-B60C-4876-B04B-70F309BCBE46}.Debug|Any CPU.ActiveCfg = Debug|Any CPU
		{59F7E378-B60C-4876-B04B-70F309BCBE46}.Debug|Any CPU.Build.0 = Debug|Any CPU
		{59F7E378-B60C-4876-B04B-70F309BCBE46}.Release|Any CPU.ActiveCfg = Release|Any CPU
		{59F7E378-B60C-4876-B04B-70F309BCBE46}.Release|Any CPU.Build.0 = Release|Any CPU
		{9117D063-E0D5-4859-A58D-B34AE779D4EF}.Debug|Any CPU.ActiveCfg = Debug|Any CPU
		{9117D063-E0D5-4859-A58D-B34AE779D4EF}.Debug|Any CPU.Build.0 = Debug|Any CPU
		{9117D063-E0D5-4859-A58D-B34AE779D4EF}.Release|Any CPU.ActiveCfg = Release|Any CPU
		{9117D063-E0D5-4859-A58D-B34AE779D4EF}.Release|Any CPU.Build.0 = Release|Any CPU
		{3FE1E20C-0866-4C8A-BAB6-470DEEDD4944}.Debug|Any CPU.ActiveCfg = Debug|Any CPU
		{3FE1E20C-0866-4C8A-BAB6-470DEEDD4944}.Debug|Any CPU.Build.0 = Debug|Any CPU
		{3FE1E20C-0866-4C8A-BAB6-470DEEDD4944}.Release|Any CPU.ActiveCfg = Release|Any CPU
		{3FE1E20C-0866-4C8A-BAB6-470DEEDD4944}.Release|Any CPU.Build.0 = Release|Any CPU
		{C462E122-A9B8-42EB-8A05-0AA4BD99CE16}.Debug|Any CPU.ActiveCfg = Debug|Any CPU
		{C462E122-A9B8-42EB-8A05-0AA4BD99CE16}.Debug|Any CPU.Build.0 = Debug|Any CPU
		{C462E122-A9B8-42EB-8A05-0AA4BD99CE16}.Release|Any CPU.ActiveCfg = Release|Any CPU
		{C462E122-A9B8-42EB-8A05-0AA4BD99CE16}.Release|Any CPU.Build.0 = Release|Any CPU
		{160DE526-3BAD-4A21-93DE-975DF70BE39A}.Debug|Any CPU.ActiveCfg = Debug|Any CPU
		{160DE526-3BAD-4A21-93DE-975DF70BE39A}.Debug|Any CPU.Build.0 = Debug|Any CPU
		{160DE526-3BAD-4A21-93DE-975DF70BE39A}.Release|Any CPU.ActiveCfg = Release|Any CPU
		{160DE526-3BAD-4A21-93DE-975DF70BE39A}.Release|Any CPU.Build.0 = Release|Any CPU
		{D2290860-CA7C-4F33-A685-A2AA6F1C472A}.Debug|Any CPU.ActiveCfg = Debug|Any CPU
		{D2290860-CA7C-4F33-A685-A2AA6F1C472A}.Debug|Any CPU.Build.0 = Debug|Any CPU
		{D2290860-CA7C-4F33-A685-A2AA6F1C472A}.Release|Any CPU.ActiveCfg = Release|Any CPU
		{D2290860-CA7C-4F33-A685-A2AA6F1C472A}.Release|Any CPU.Build.0 = Release|Any CPU
		{A0A8580C-8249-483D-8837-93892EA48A32}.Debug|Any CPU.ActiveCfg = Debug|Any CPU
		{A0A8580C-8249-483D-8837-93892EA48A32}.Debug|Any CPU.Build.0 = Debug|Any CPU
		{A0A8580C-8249-483D-8837-93892EA48A32}.Release|Any CPU.ActiveCfg = Release|Any CPU
		{A0A8580C-8249-483D-8837-93892EA48A32}.Release|Any CPU.Build.0 = Release|Any CPU
	EndGlobalSection
	GlobalSection(SolutionProperties) = preSolution
		HideSolutionNode = FALSE
	EndGlobalSection
	GlobalSection(NestedProjects) = preSolution
		{7CA60779-695F-4E28-BCB4-0BB1D242ACD9} = {61DF545F-C3FB-4982-8F45-E6B80888627F}
		{835F2F13-20DD-483F-8DE4-104B1EB21CD5} = {97A98CB3-4E1C-41ED-A0FF-46ACB5D2096C}
		{F509F63C-164E-4FE2-822E-28565888F982} = {3C100A83-4830-4CF0-97B4-37A5DB07CCF1}
		{DB94FDB3-296C-4833-8145-00EF2A4B48B8} = {600653D5-A233-442D-9F97-CD3E65578DF9}
		{BC8E5AF3-B3DE-4530-960B-4211776049AF} = {DB94FDB3-296C-4833-8145-00EF2A4B48B8}
		{1D1BAD4F-D521-46DE-BA0A-DC4956906F75} = {DB94FDB3-296C-4833-8145-00EF2A4B48B8}
		{4136643A-6AD4-4686-A095-5540C36B719E} = {DB94FDB3-296C-4833-8145-00EF2A4B48B8}
		{5C7154FD-A68F-437C-B0EE-9E587F376AED} = {DB94FDB3-296C-4833-8145-00EF2A4B48B8}
		{5CF00264-B7E9-4ED0-87B0-A17266C3CF35} = {BC8E5AF3-B3DE-4530-960B-4211776049AF}
		{59F7E378-B60C-4876-B04B-70F309BCBE46} = {4136643A-6AD4-4686-A095-5540C36B719E}
		{9117D063-E0D5-4859-A58D-B34AE779D4EF} = {5C7154FD-A68F-437C-B0EE-9E587F376AED}
		{3FE1E20C-0866-4C8A-BAB6-470DEEDD4944} = {1D1BAD4F-D521-46DE-BA0A-DC4956906F75}
		{7D004AB7-97BD-431E-9EE2-56C50301ECDB} = {600653D5-A233-442D-9F97-CD3E65578DF9}
		{04EB4564-DA4D-45A6-9126-CC9412090E16} = {7D004AB7-97BD-431E-9EE2-56C50301ECDB}
		{9A4BF401-C82B-4267-9452-795088BC3BF9} = {7D004AB7-97BD-431E-9EE2-56C50301ECDB}
		{8E0E8ACB-AA5B-474F-8EB0-E89C7312790E} = {7D004AB7-97BD-431E-9EE2-56C50301ECDB}
		{903032EE-F7D5-40BD-8466-D151CEC11BA2} = {7D004AB7-97BD-431E-9EE2-56C50301ECDB}
		{C462E122-A9B8-42EB-8A05-0AA4BD99CE16} = {04EB4564-DA4D-45A6-9126-CC9412090E16}
		{160DE526-3BAD-4A21-93DE-975DF70BE39A} = {9A4BF401-C82B-4267-9452-795088BC3BF9}
		{D2290860-CA7C-4F33-A685-A2AA6F1C472A} = {903032EE-F7D5-40BD-8466-D151CEC11BA2}
		{A0A8580C-8249-483D-8837-93892EA48A32} = {8E0E8ACB-AA5B-474F-8EB0-E89C7312790E}
	EndGlobalSection
	GlobalSection(ExtensibilityGlobals) = postSolution
		SolutionGuid = {FBA56372-00D0-4DBE-B64E-642DCC91783D}
	EndGlobalSection
EndGlobal
